// !$*UTF8*$!
{
	archiveVersion = 1;
	classes = {
	};
	objectVersion = 56;
	objects = {

/* Begin PBXBuildFile section */
		9107E1282B15C46B004F6D44 /* prompt model.swift in Sources */ = {isa = PBXBuildFile; fileRef = 9107E1272B15C46B004F6D44 /* prompt model.swift */; };
		91B29A102AFBE5F800B904A9 /* plda_miniApp.swift in Sources */ = {isa = PBXBuildFile; fileRef = 91B29A0F2AFBE5F800B904A9 /* plda_miniApp.swift */; };
		91B29A142AFBE5FB00B904A9 /* Assets.xcassets in Resources */ = {isa = PBXBuildFile; fileRef = 91B29A132AFBE5FB00B904A9 /* Assets.xcassets */; };
		91B29A172AFBE5FB00B904A9 /* Preview Assets.xcassets in Resources */ = {isa = PBXBuildFile; fileRef = 91B29A162AFBE5FB00B904A9 /* Preview Assets.xcassets */; };
		91B29A212AFBE5FB00B904A9 /* plda_miniTests.swift in Sources */ = {isa = PBXBuildFile; fileRef = 91B29A202AFBE5FB00B904A9 /* plda_miniTests.swift */; };
		91B29A2B2AFBE5FB00B904A9 /* plda_miniUITests.swift in Sources */ = {isa = PBXBuildFile; fileRef = 91B29A2A2AFBE5FB00B904A9 /* plda_miniUITests.swift */; };
		91B29A2D2AFBE5FB00B904A9 /* plda_miniUITestsLaunchTests.swift in Sources */ = {isa = PBXBuildFile; fileRef = 91B29A2C2AFBE5FB00B904A9 /* plda_miniUITestsLaunchTests.swift */; };
		91B29A3C2AFBE6BD00B904A9 /* model.swift in Sources */ = {isa = PBXBuildFile; fileRef = 91B29A3B2AFBE6BD00B904A9 /* model.swift */; };
		91B29A402AFBE7EC00B904A9 /* EditView.swift in Sources */ = {isa = PBXBuildFile; fileRef = 91B29A3F2AFBE7EC00B904A9 /* EditView.swift */; };
		91B29A422AFBE80D00B904A9 /* ResultView.swift in Sources */ = {isa = PBXBuildFile; fileRef = 91B29A412AFBE80D00B904A9 /* ResultView.swift */; };
		91B29A442AFBE82600B904A9 /* MainView.swift in Sources */ = {isa = PBXBuildFile; fileRef = 91B29A432AFBE82600B904A9 /* MainView.swift */; };
		C252B8402B0F3BA8000084DF /* DetailView.swift in Sources */ = {isa = PBXBuildFile; fileRef = C252B83F2B0F3BA8000084DF /* DetailView.swift */; };
		C252B8422B0F6AB5000084DF /* BottomsheetView.swift in Sources */ = {isa = PBXBuildFile; fileRef = C252B8412B0F6AB5000084DF /* BottomsheetView.swift */; };
		C252B8442B0F755F000084DF /* SettingView.swift in Sources */ = {isa = PBXBuildFile; fileRef = C252B8432B0F755F000084DF /* SettingView.swift */; };
		C252B8462B0F75AD000084DF /* EditSettingView.swift in Sources */ = {isa = PBXBuildFile; fileRef = C252B8452B0F75AD000084DF /* EditSettingView.swift */; };
		C2B264B02B049D1A002275B2 /* Pretendard-Thin.otf in Resources */ = {isa = PBXBuildFile; fileRef = C2B264A72B049D19002275B2 /* Pretendard-Thin.otf */; };
		C2B264B12B049D1A002275B2 /* Pretendard-Thin.otf in Resources */ = {isa = PBXBuildFile; fileRef = C2B264A72B049D19002275B2 /* Pretendard-Thin.otf */; };
		C2B264B22B049D1A002275B2 /* Pretendard-Thin.otf in Resources */ = {isa = PBXBuildFile; fileRef = C2B264A72B049D19002275B2 /* Pretendard-Thin.otf */; };
		C2B264B32B049D1A002275B2 /* Pretendard-SemiBold.otf in Resources */ = {isa = PBXBuildFile; fileRef = C2B264A82B049D19002275B2 /* Pretendard-SemiBold.otf */; };
		C2B264B42B049D1A002275B2 /* Pretendard-SemiBold.otf in Resources */ = {isa = PBXBuildFile; fileRef = C2B264A82B049D19002275B2 /* Pretendard-SemiBold.otf */; };
		C2B264B52B049D1A002275B2 /* Pretendard-SemiBold.otf in Resources */ = {isa = PBXBuildFile; fileRef = C2B264A82B049D19002275B2 /* Pretendard-SemiBold.otf */; };
		C2B264B62B049D1A002275B2 /* Pretendard-Bold.otf in Resources */ = {isa = PBXBuildFile; fileRef = C2B264A92B049D19002275B2 /* Pretendard-Bold.otf */; };
		C2B264B72B049D1A002275B2 /* Pretendard-Bold.otf in Resources */ = {isa = PBXBuildFile; fileRef = C2B264A92B049D19002275B2 /* Pretendard-Bold.otf */; };
		C2B264B82B049D1A002275B2 /* Pretendard-Bold.otf in Resources */ = {isa = PBXBuildFile; fileRef = C2B264A92B049D19002275B2 /* Pretendard-Bold.otf */; };
		C2B264B92B049D1A002275B2 /* Pretendard-ExtraBold.otf in Resources */ = {isa = PBXBuildFile; fileRef = C2B264AA2B049D19002275B2 /* Pretendard-ExtraBold.otf */; };
		C2B264BA2B049D1A002275B2 /* Pretendard-ExtraBold.otf in Resources */ = {isa = PBXBuildFile; fileRef = C2B264AA2B049D19002275B2 /* Pretendard-ExtraBold.otf */; };
		C2B264BB2B049D1A002275B2 /* Pretendard-ExtraBold.otf in Resources */ = {isa = PBXBuildFile; fileRef = C2B264AA2B049D19002275B2 /* Pretendard-ExtraBold.otf */; };
		C2B264BC2B049D1A002275B2 /* Pretendard-Medium.otf in Resources */ = {isa = PBXBuildFile; fileRef = C2B264AB2B049D19002275B2 /* Pretendard-Medium.otf */; };
		C2B264BD2B049D1A002275B2 /* Pretendard-Medium.otf in Resources */ = {isa = PBXBuildFile; fileRef = C2B264AB2B049D19002275B2 /* Pretendard-Medium.otf */; };
		C2B264BE2B049D1A002275B2 /* Pretendard-Medium.otf in Resources */ = {isa = PBXBuildFile; fileRef = C2B264AB2B049D19002275B2 /* Pretendard-Medium.otf */; };
		C2B264BF2B049D1A002275B2 /* Pretendard-Black.otf in Resources */ = {isa = PBXBuildFile; fileRef = C2B264AC2B049D19002275B2 /* Pretendard-Black.otf */; };
		C2B264C02B049D1A002275B2 /* Pretendard-Black.otf in Resources */ = {isa = PBXBuildFile; fileRef = C2B264AC2B049D19002275B2 /* Pretendard-Black.otf */; };
		C2B264C12B049D1A002275B2 /* Pretendard-Black.otf in Resources */ = {isa = PBXBuildFile; fileRef = C2B264AC2B049D19002275B2 /* Pretendard-Black.otf */; };
		C2B264C22B049D1A002275B2 /* Pretendard-ExtraLight.otf in Resources */ = {isa = PBXBuildFile; fileRef = C2B264AD2B049D19002275B2 /* Pretendard-ExtraLight.otf */; };
		C2B264C32B049D1A002275B2 /* Pretendard-ExtraLight.otf in Resources */ = {isa = PBXBuildFile; fileRef = C2B264AD2B049D19002275B2 /* Pretendard-ExtraLight.otf */; };
		C2B264C42B049D1A002275B2 /* Pretendard-ExtraLight.otf in Resources */ = {isa = PBXBuildFile; fileRef = C2B264AD2B049D19002275B2 /* Pretendard-ExtraLight.otf */; };
		C2B264C52B049D1A002275B2 /* Pretendard-Light.otf in Resources */ = {isa = PBXBuildFile; fileRef = C2B264AE2B049D19002275B2 /* Pretendard-Light.otf */; };
		C2B264C62B049D1A002275B2 /* Pretendard-Light.otf in Resources */ = {isa = PBXBuildFile; fileRef = C2B264AE2B049D19002275B2 /* Pretendard-Light.otf */; };
		C2B264C72B049D1A002275B2 /* Pretendard-Light.otf in Resources */ = {isa = PBXBuildFile; fileRef = C2B264AE2B049D19002275B2 /* Pretendard-Light.otf */; };
		C2B264C82B049D1A002275B2 /* Pretendard-Regular.otf in Resources */ = {isa = PBXBuildFile; fileRef = C2B264AF2B049D1A002275B2 /* Pretendard-Regular.otf */; };
		C2B264C92B049D1A002275B2 /* Pretendard-Regular.otf in Resources */ = {isa = PBXBuildFile; fileRef = C2B264AF2B049D1A002275B2 /* Pretendard-Regular.otf */; };
		C2B264CA2B049D1A002275B2 /* Pretendard-Regular.otf in Resources */ = {isa = PBXBuildFile; fileRef = C2B264AF2B049D1A002275B2 /* Pretendard-Regular.otf */; };
		C2B264CD2B049D50002275B2 /* FontManager.swift in Sources */ = {isa = PBXBuildFile; fileRef = C2B264CC2B049D50002275B2 /* FontManager.swift */; };
		C2B264CE2B049D50002275B2 /* FontManager.swift in Sources */ = {isa = PBXBuildFile; fileRef = C2B264CC2B049D50002275B2 /* FontManager.swift */; };
		C2B264CF2B049D50002275B2 /* FontManager.swift in Sources */ = {isa = PBXBuildFile; fileRef = C2B264CC2B049D50002275B2 /* FontManager.swift */; };
		C2B264D12B049D6D002275B2 /* ColorManager.swift in Sources */ = {isa = PBXBuildFile; fileRef = C2B264D02B049D6D002275B2 /* ColorManager.swift */; };
		C2B264D22B049D6D002275B2 /* ColorManager.swift in Sources */ = {isa = PBXBuildFile; fileRef = C2B264D02B049D6D002275B2 /* ColorManager.swift */; };
		C2B264D32B049D6D002275B2 /* ColorManager.swift in Sources */ = {isa = PBXBuildFile; fileRef = C2B264D02B049D6D002275B2 /* ColorManager.swift */; };
		C2CD63652B0B6F54001EF88E /* PlaylistView.swift in Sources */ = {isa = PBXBuildFile; fileRef = C2CD63642B0B6F54001EF88E /* PlaylistView.swift */; };
/* End PBXBuildFile section */

/* Begin PBXContainerItemProxy section */
		91B29A1D2AFBE5FB00B904A9 /* PBXContainerItemProxy */ = {
			isa = PBXContainerItemProxy;
			containerPortal = 91B29A042AFBE5F800B904A9 /* Project object */;
			proxyType = 1;
			remoteGlobalIDString = 91B29A0B2AFBE5F800B904A9;
			remoteInfo = "plda mini";
		};
		91B29A272AFBE5FB00B904A9 /* PBXContainerItemProxy */ = {
			isa = PBXContainerItemProxy;
			containerPortal = 91B29A042AFBE5F800B904A9 /* Project object */;
			proxyType = 1;
			remoteGlobalIDString = 91B29A0B2AFBE5F800B904A9;
			remoteInfo = "plda mini";
		};
/* End PBXContainerItemProxy section */

/* Begin PBXFileReference section */
		9107E1272B15C46B004F6D44 /* prompt model.swift */ = {isa = PBXFileReference; lastKnownFileType = sourcecode.swift; path = "prompt model.swift"; sourceTree = "<group>"; };
		91B29A0C2AFBE5F800B904A9 /* Plda mini.app */ = {isa = PBXFileReference; explicitFileType = wrapper.application; includeInIndex = 0; path = "Plda mini.app"; sourceTree = BUILT_PRODUCTS_DIR; };
		91B29A0F2AFBE5F800B904A9 /* plda_miniApp.swift */ = {isa = PBXFileReference; lastKnownFileType = sourcecode.swift; path = plda_miniApp.swift; sourceTree = "<group>"; };
		91B29A132AFBE5FB00B904A9 /* Assets.xcassets */ = {isa = PBXFileReference; lastKnownFileType = folder.assetcatalog; path = Assets.xcassets; sourceTree = "<group>"; };
		91B29A162AFBE5FB00B904A9 /* Preview Assets.xcassets */ = {isa = PBXFileReference; lastKnownFileType = folder.assetcatalog; path = "Preview Assets.xcassets"; sourceTree = "<group>"; };
		91B29A1C2AFBE5FB00B904A9 /* Plda miniTests.xctest */ = {isa = PBXFileReference; explicitFileType = wrapper.cfbundle; includeInIndex = 0; path = "Plda miniTests.xctest"; sourceTree = BUILT_PRODUCTS_DIR; };
		91B29A202AFBE5FB00B904A9 /* plda_miniTests.swift */ = {isa = PBXFileReference; lastKnownFileType = sourcecode.swift; path = plda_miniTests.swift; sourceTree = "<group>"; };
		91B29A262AFBE5FB00B904A9 /* Plda miniUITests.xctest */ = {isa = PBXFileReference; explicitFileType = wrapper.cfbundle; includeInIndex = 0; path = "Plda miniUITests.xctest"; sourceTree = BUILT_PRODUCTS_DIR; };
		91B29A2A2AFBE5FB00B904A9 /* plda_miniUITests.swift */ = {isa = PBXFileReference; lastKnownFileType = sourcecode.swift; path = plda_miniUITests.swift; sourceTree = "<group>"; };
		91B29A2C2AFBE5FB00B904A9 /* plda_miniUITestsLaunchTests.swift */ = {isa = PBXFileReference; lastKnownFileType = sourcecode.swift; path = plda_miniUITestsLaunchTests.swift; sourceTree = "<group>"; };
		91B29A3B2AFBE6BD00B904A9 /* model.swift */ = {isa = PBXFileReference; lastKnownFileType = sourcecode.swift; path = model.swift; sourceTree = "<group>"; };
		91B29A3F2AFBE7EC00B904A9 /* EditView.swift */ = {isa = PBXFileReference; lastKnownFileType = sourcecode.swift; path = EditView.swift; sourceTree = "<group>"; };
		91B29A412AFBE80D00B904A9 /* ResultView.swift */ = {isa = PBXFileReference; lastKnownFileType = sourcecode.swift; path = ResultView.swift; sourceTree = "<group>"; };
		91B29A432AFBE82600B904A9 /* MainView.swift */ = {isa = PBXFileReference; lastKnownFileType = sourcecode.swift; path = MainView.swift; sourceTree = "<group>"; };
		91FA14C92B01FFE400F51933 /* Plda-mini-Info.plist */ = {isa = PBXFileReference; lastKnownFileType = text.plist.xml; path = "Plda-mini-Info.plist"; sourceTree = SOURCE_ROOT; };
		C252B83F2B0F3BA8000084DF /* DetailView.swift */ = {isa = PBXFileReference; lastKnownFileType = sourcecode.swift; path = DetailView.swift; sourceTree = "<group>"; };
		C252B8412B0F6AB5000084DF /* BottomsheetView.swift */ = {isa = PBXFileReference; lastKnownFileType = sourcecode.swift; path = BottomsheetView.swift; sourceTree = "<group>"; };
		C252B8432B0F755F000084DF /* SettingView.swift */ = {isa = PBXFileReference; lastKnownFileType = sourcecode.swift; path = SettingView.swift; sourceTree = "<group>"; };
		C252B8452B0F75AD000084DF /* EditSettingView.swift */ = {isa = PBXFileReference; lastKnownFileType = sourcecode.swift; path = EditSettingView.swift; sourceTree = "<group>"; };
		C2B264A72B049D19002275B2 /* Pretendard-Thin.otf */ = {isa = PBXFileReference; lastKnownFileType = file; path = "Pretendard-Thin.otf"; sourceTree = "<group>"; };
		C2B264A82B049D19002275B2 /* Pretendard-SemiBold.otf */ = {isa = PBXFileReference; lastKnownFileType = file; path = "Pretendard-SemiBold.otf"; sourceTree = "<group>"; };
		C2B264A92B049D19002275B2 /* Pretendard-Bold.otf */ = {isa = PBXFileReference; lastKnownFileType = file; path = "Pretendard-Bold.otf"; sourceTree = "<group>"; };
		C2B264AA2B049D19002275B2 /* Pretendard-ExtraBold.otf */ = {isa = PBXFileReference; lastKnownFileType = file; path = "Pretendard-ExtraBold.otf"; sourceTree = "<group>"; };
		C2B264AB2B049D19002275B2 /* Pretendard-Medium.otf */ = {isa = PBXFileReference; lastKnownFileType = file; path = "Pretendard-Medium.otf"; sourceTree = "<group>"; };
		C2B264AC2B049D19002275B2 /* Pretendard-Black.otf */ = {isa = PBXFileReference; lastKnownFileType = file; path = "Pretendard-Black.otf"; sourceTree = "<group>"; };
		C2B264AD2B049D19002275B2 /* Pretendard-ExtraLight.otf */ = {isa = PBXFileReference; lastKnownFileType = file; path = "Pretendard-ExtraLight.otf"; sourceTree = "<group>"; };
		C2B264AE2B049D19002275B2 /* Pretendard-Light.otf */ = {isa = PBXFileReference; lastKnownFileType = file; path = "Pretendard-Light.otf"; sourceTree = "<group>"; };
		C2B264AF2B049D1A002275B2 /* Pretendard-Regular.otf */ = {isa = PBXFileReference; lastKnownFileType = file; path = "Pretendard-Regular.otf"; sourceTree = "<group>"; };
		C2B264CC2B049D50002275B2 /* FontManager.swift */ = {isa = PBXFileReference; lastKnownFileType = sourcecode.swift; path = FontManager.swift; sourceTree = "<group>"; };
		C2B264D02B049D6D002275B2 /* ColorManager.swift */ = {isa = PBXFileReference; lastKnownFileType = sourcecode.swift; path = ColorManager.swift; sourceTree = "<group>"; };
		C2CD63642B0B6F54001EF88E /* PlaylistView.swift */ = {isa = PBXFileReference; lastKnownFileType = sourcecode.swift; path = PlaylistView.swift; sourceTree = "<group>"; };
/* End PBXFileReference section */

/* Begin PBXFrameworksBuildPhase section */
		91B29A092AFBE5F800B904A9 /* Frameworks */ = {
			isa = PBXFrameworksBuildPhase;
			buildActionMask = 2147483647;
			files = (
			);
			runOnlyForDeploymentPostprocessing = 0;
		};
		91B29A192AFBE5FB00B904A9 /* Frameworks */ = {
			isa = PBXFrameworksBuildPhase;
			buildActionMask = 2147483647;
			files = (
			);
			runOnlyForDeploymentPostprocessing = 0;
		};
		91B29A232AFBE5FB00B904A9 /* Frameworks */ = {
			isa = PBXFrameworksBuildPhase;
			buildActionMask = 2147483647;
			files = (
			);
			runOnlyForDeploymentPostprocessing = 0;
		};
/* End PBXFrameworksBuildPhase section */

/* Begin PBXGroup section */
		91B29A032AFBE5F800B904A9 = {
			isa = PBXGroup;
			children = (
				91B29A0E2AFBE5F800B904A9 /* plda mini */,
				91B29A1F2AFBE5FB00B904A9 /* plda miniTests */,
				91B29A292AFBE5FB00B904A9 /* plda miniUITests */,
				91B29A0D2AFBE5F800B904A9 /* Products */,
			);
			sourceTree = "<group>";
		};
		91B29A0D2AFBE5F800B904A9 /* Products */ = {
			isa = PBXGroup;
			children = (
				91B29A0C2AFBE5F800B904A9 /* Plda mini.app */,
				91B29A1C2AFBE5FB00B904A9 /* Plda miniTests.xctest */,
				91B29A262AFBE5FB00B904A9 /* Plda miniUITests.xctest */,
			);
			name = Products;
			sourceTree = "<group>";
		};
		91B29A0E2AFBE5F800B904A9 /* plda mini */ = {
			isa = PBXGroup;
			children = (
				91FA14C92B01FFE400F51933 /* Plda-mini-Info.plist */,
				91B29A0F2AFBE5F800B904A9 /* plda_miniApp.swift */,
				C2B264A12B049B22002275B2 /* Models */,
				C2B264A02B049B08002275B2 /* Views */,
				C2B264A62B049CF6002275B2 /* Resource */,
				91B29A152AFBE5FB00B904A9 /* Preview Content */,
			);
			path = "plda mini";
			sourceTree = "<group>";
		};
		91B29A152AFBE5FB00B904A9 /* Preview Content */ = {
			isa = PBXGroup;
			children = (
				91B29A162AFBE5FB00B904A9 /* Preview Assets.xcassets */,
			);
			path = "Preview Content";
			sourceTree = "<group>";
		};
		91B29A1F2AFBE5FB00B904A9 /* plda miniTests */ = {
			isa = PBXGroup;
			children = (
				91B29A202AFBE5FB00B904A9 /* plda_miniTests.swift */,
			);
			path = "plda miniTests";
			sourceTree = "<group>";
		};
		91B29A292AFBE5FB00B904A9 /* plda miniUITests */ = {
			isa = PBXGroup;
			children = (
				91B29A2A2AFBE5FB00B904A9 /* plda_miniUITests.swift */,
				91B29A2C2AFBE5FB00B904A9 /* plda_miniUITestsLaunchTests.swift */,
			);
			path = "plda miniUITests";
			sourceTree = "<group>";
		};
		C2B264A02B049B08002275B2 /* Views */ = {
			isa = PBXGroup;
			children = (
				91B29A432AFBE82600B904A9 /* MainView.swift */,
				91B29A3F2AFBE7EC00B904A9 /* EditView.swift */,
				91B29A412AFBE80D00B904A9 /* ResultView.swift */,
				C2CD63642B0B6F54001EF88E /* PlaylistView.swift */,
				C252B83F2B0F3BA8000084DF /* DetailView.swift */,
				C252B8412B0F6AB5000084DF /* BottomsheetView.swift */,
				C252B8432B0F755F000084DF /* SettingView.swift */,
				C252B8452B0F75AD000084DF /* EditSettingView.swift */,
			);
			path = Views;
			sourceTree = "<group>";
		};
		C2B264A12B049B22002275B2 /* Models */ = {
			isa = PBXGroup;
			children = (
				91B29A3B2AFBE6BD00B904A9 /* model.swift */,
				9107E1272B15C46B004F6D44 /* prompt model.swift */,
			);
			path = Models;
			sourceTree = "<group>";
		};
		C2B264A62B049CF6002275B2 /* Resource */ = {
			isa = PBXGroup;
			children = (
				C2B264CB2B049D39002275B2 /* Managers */,
				91B29A132AFBE5FB00B904A9 /* Assets.xcassets */,
				C2B264D42B049D85002275B2 /* Fonts */,
			);
			path = Resource;
			sourceTree = "<group>";
		};
		C2B264CB2B049D39002275B2 /* Managers */ = {
			isa = PBXGroup;
			children = (
				C2B264CC2B049D50002275B2 /* FontManager.swift */,
				C2B264D02B049D6D002275B2 /* ColorManager.swift */,
			);
			path = Managers;
			sourceTree = "<group>";
		};
		C2B264D42B049D85002275B2 /* Fonts */ = {
			isa = PBXGroup;
			children = (
				C2B264AC2B049D19002275B2 /* Pretendard-Black.otf */,
				C2B264A92B049D19002275B2 /* Pretendard-Bold.otf */,
				C2B264AA2B049D19002275B2 /* Pretendard-ExtraBold.otf */,
				C2B264AD2B049D19002275B2 /* Pretendard-ExtraLight.otf */,
				C2B264AB2B049D19002275B2 /* Pretendard-Medium.otf */,
				C2B264AE2B049D19002275B2 /* Pretendard-Light.otf */,
				C2B264AF2B049D1A002275B2 /* Pretendard-Regular.otf */,
				C2B264A82B049D19002275B2 /* Pretendard-SemiBold.otf */,
				C2B264A72B049D19002275B2 /* Pretendard-Thin.otf */,
			);
			path = Fonts;
			sourceTree = "<group>";
		};
/* End PBXGroup section */

/* Begin PBXNativeTarget section */
		91B29A0B2AFBE5F800B904A9 /* Plda mini */ = {
			isa = PBXNativeTarget;
			buildConfigurationList = 91B29A302AFBE5FB00B904A9 /* Build configuration list for PBXNativeTarget "Plda mini" */;
			buildPhases = (
				91B29A082AFBE5F800B904A9 /* Sources */,
				91B29A092AFBE5F800B904A9 /* Frameworks */,
				91B29A0A2AFBE5F800B904A9 /* Resources */,
			);
			buildRules = (
			);
			dependencies = (
			);
			name = "Plda mini";
			productName = "plda mini";
			productReference = 91B29A0C2AFBE5F800B904A9 /* Plda mini.app */;
			productType = "com.apple.product-type.application";
		};
		91B29A1B2AFBE5FB00B904A9 /* Plda miniTests */ = {
			isa = PBXNativeTarget;
			buildConfigurationList = 91B29A332AFBE5FB00B904A9 /* Build configuration list for PBXNativeTarget "Plda miniTests" */;
			buildPhases = (
				91B29A182AFBE5FB00B904A9 /* Sources */,
				91B29A192AFBE5FB00B904A9 /* Frameworks */,
				91B29A1A2AFBE5FB00B904A9 /* Resources */,
			);
			buildRules = (
			);
			dependencies = (
				91B29A1E2AFBE5FB00B904A9 /* PBXTargetDependency */,
			);
			name = "Plda miniTests";
			productName = "plda miniTests";
			productReference = 91B29A1C2AFBE5FB00B904A9 /* Plda miniTests.xctest */;
			productType = "com.apple.product-type.bundle.unit-test";
		};
		91B29A252AFBE5FB00B904A9 /* Plda miniUITests */ = {
			isa = PBXNativeTarget;
			buildConfigurationList = 91B29A362AFBE5FB00B904A9 /* Build configuration list for PBXNativeTarget "Plda miniUITests" */;
			buildPhases = (
				91B29A222AFBE5FB00B904A9 /* Sources */,
				91B29A232AFBE5FB00B904A9 /* Frameworks */,
				91B29A242AFBE5FB00B904A9 /* Resources */,
			);
			buildRules = (
			);
			dependencies = (
				91B29A282AFBE5FB00B904A9 /* PBXTargetDependency */,
			);
			name = "Plda miniUITests";
			productName = "plda miniUITests";
			productReference = 91B29A262AFBE5FB00B904A9 /* Plda miniUITests.xctest */;
			productType = "com.apple.product-type.bundle.ui-testing";
		};
/* End PBXNativeTarget section */

/* Begin PBXProject section */
		91B29A042AFBE5F800B904A9 /* Project object */ = {
			isa = PBXProject;
			attributes = {
				BuildIndependentTargetsInParallel = 1;
				LastSwiftUpdateCheck = 1500;
				LastUpgradeCheck = 1500;
				TargetAttributes = {
					91B29A0B2AFBE5F800B904A9 = {
						CreatedOnToolsVersion = 15.0.1;
					};
					91B29A1B2AFBE5FB00B904A9 = {
						CreatedOnToolsVersion = 15.0.1;
						TestTargetID = 91B29A0B2AFBE5F800B904A9;
					};
					91B29A252AFBE5FB00B904A9 = {
						CreatedOnToolsVersion = 15.0.1;
						TestTargetID = 91B29A0B2AFBE5F800B904A9;
					};
				};
			};
			buildConfigurationList = 91B29A072AFBE5F800B904A9 /* Build configuration list for PBXProject "Plda" */;
			compatibilityVersion = "Xcode 14.0";
			developmentRegion = en;
			hasScannedForEncodings = 0;
			knownRegions = (
				en,
				Base,
			);
			mainGroup = 91B29A032AFBE5F800B904A9;
			productRefGroup = 91B29A0D2AFBE5F800B904A9 /* Products */;
			projectDirPath = "";
			projectRoot = "";
			targets = (
				91B29A0B2AFBE5F800B904A9 /* Plda mini */,
				91B29A1B2AFBE5FB00B904A9 /* Plda miniTests */,
				91B29A252AFBE5FB00B904A9 /* Plda miniUITests */,
			);
		};
/* End PBXProject section */

/* Begin PBXResourcesBuildPhase section */
		91B29A0A2AFBE5F800B904A9 /* Resources */ = {
			isa = PBXResourcesBuildPhase;
			buildActionMask = 2147483647;
			files = (
				C2B264C22B049D1A002275B2 /* Pretendard-ExtraLight.otf in Resources */,
				C2B264BC2B049D1A002275B2 /* Pretendard-Medium.otf in Resources */,
				C2B264B02B049D1A002275B2 /* Pretendard-Thin.otf in Resources */,
				C2B264C52B049D1A002275B2 /* Pretendard-Light.otf in Resources */,
				C2B264B62B049D1A002275B2 /* Pretendard-Bold.otf in Resources */,
				C2B264B92B049D1A002275B2 /* Pretendard-ExtraBold.otf in Resources */,
				91B29A172AFBE5FB00B904A9 /* Preview Assets.xcassets in Resources */,
				91B29A142AFBE5FB00B904A9 /* Assets.xcassets in Resources */,
				C2B264C82B049D1A002275B2 /* Pretendard-Regular.otf in Resources */,
				C2B264BF2B049D1A002275B2 /* Pretendard-Black.otf in Resources */,
				C2B264B32B049D1A002275B2 /* Pretendard-SemiBold.otf in Resources */,
			);
			runOnlyForDeploymentPostprocessing = 0;
		};
		91B29A1A2AFBE5FB00B904A9 /* Resources */ = {
			isa = PBXResourcesBuildPhase;
			buildActionMask = 2147483647;
			files = (
				C2B264C32B049D1A002275B2 /* Pretendard-ExtraLight.otf in Resources */,
				C2B264C62B049D1A002275B2 /* Pretendard-Light.otf in Resources */,
				C2B264B12B049D1A002275B2 /* Pretendard-Thin.otf in Resources */,
				C2B264BD2B049D1A002275B2 /* Pretendard-Medium.otf in Resources */,
				C2B264C92B049D1A002275B2 /* Pretendard-Regular.otf in Resources */,
				C2B264B72B049D1A002275B2 /* Pretendard-Bold.otf in Resources */,
				C2B264BA2B049D1A002275B2 /* Pretendard-ExtraBold.otf in Resources */,
				C2B264C02B049D1A002275B2 /* Pretendard-Black.otf in Resources */,
				C2B264B42B049D1A002275B2 /* Pretendard-SemiBold.otf in Resources */,
			);
			runOnlyForDeploymentPostprocessing = 0;
		};
		91B29A242AFBE5FB00B904A9 /* Resources */ = {
			isa = PBXResourcesBuildPhase;
			buildActionMask = 2147483647;
			files = (
				C2B264C42B049D1A002275B2 /* Pretendard-ExtraLight.otf in Resources */,
				C2B264C72B049D1A002275B2 /* Pretendard-Light.otf in Resources */,
				C2B264B22B049D1A002275B2 /* Pretendard-Thin.otf in Resources */,
				C2B264BE2B049D1A002275B2 /* Pretendard-Medium.otf in Resources */,
				C2B264CA2B049D1A002275B2 /* Pretendard-Regular.otf in Resources */,
				C2B264B82B049D1A002275B2 /* Pretendard-Bold.otf in Resources */,
				C2B264BB2B049D1A002275B2 /* Pretendard-ExtraBold.otf in Resources */,
				C2B264C12B049D1A002275B2 /* Pretendard-Black.otf in Resources */,
				C2B264B52B049D1A002275B2 /* Pretendard-SemiBold.otf in Resources */,
			);
			runOnlyForDeploymentPostprocessing = 0;
		};
/* End PBXResourcesBuildPhase section */

/* Begin PBXSourcesBuildPhase section */
		91B29A082AFBE5F800B904A9 /* Sources */ = {
			isa = PBXSourcesBuildPhase;
			buildActionMask = 2147483647;
			files = (
				C252B8402B0F3BA8000084DF /* DetailView.swift in Sources */,
				91B29A442AFBE82600B904A9 /* MainView.swift in Sources */,
				91B29A3C2AFBE6BD00B904A9 /* model.swift in Sources */,
				C2CD63652B0B6F54001EF88E /* PlaylistView.swift in Sources */,
				C252B8422B0F6AB5000084DF /* BottomsheetView.swift in Sources */,
				9107E1282B15C46B004F6D44 /* prompt model.swift in Sources */,
				C2B264CD2B049D50002275B2 /* FontManager.swift in Sources */,
				91B29A422AFBE80D00B904A9 /* ResultView.swift in Sources */,
				91B29A402AFBE7EC00B904A9 /* EditView.swift in Sources */,
				91B29A102AFBE5F800B904A9 /* plda_miniApp.swift in Sources */,
				C2B264D12B049D6D002275B2 /* ColorManager.swift in Sources */,
				C252B8442B0F755F000084DF /* SettingView.swift in Sources */,
				C252B8462B0F75AD000084DF /* EditSettingView.swift in Sources */,
			);
			runOnlyForDeploymentPostprocessing = 0;
		};
		91B29A182AFBE5FB00B904A9 /* Sources */ = {
			isa = PBXSourcesBuildPhase;
			buildActionMask = 2147483647;
			files = (
				C2B264CE2B049D50002275B2 /* FontManager.swift in Sources */,
				91B29A212AFBE5FB00B904A9 /* plda_miniTests.swift in Sources */,
				C2B264D22B049D6D002275B2 /* ColorManager.swift in Sources */,
			);
			runOnlyForDeploymentPostprocessing = 0;
		};
		91B29A222AFBE5FB00B904A9 /* Sources */ = {
			isa = PBXSourcesBuildPhase;
			buildActionMask = 2147483647;
			files = (
				91B29A2D2AFBE5FB00B904A9 /* plda_miniUITestsLaunchTests.swift in Sources */,
				C2B264D32B049D6D002275B2 /* ColorManager.swift in Sources */,
				C2B264CF2B049D50002275B2 /* FontManager.swift in Sources */,
				91B29A2B2AFBE5FB00B904A9 /* plda_miniUITests.swift in Sources */,
			);
			runOnlyForDeploymentPostprocessing = 0;
		};
/* End PBXSourcesBuildPhase section */

/* Begin PBXTargetDependency section */
		91B29A1E2AFBE5FB00B904A9 /* PBXTargetDependency */ = {
			isa = PBXTargetDependency;
			target = 91B29A0B2AFBE5F800B904A9 /* Plda mini */;
			targetProxy = 91B29A1D2AFBE5FB00B904A9 /* PBXContainerItemProxy */;
		};
		91B29A282AFBE5FB00B904A9 /* PBXTargetDependency */ = {
			isa = PBXTargetDependency;
			target = 91B29A0B2AFBE5F800B904A9 /* Plda mini */;
			targetProxy = 91B29A272AFBE5FB00B904A9 /* PBXContainerItemProxy */;
		};
/* End PBXTargetDependency section */

/* Begin XCBuildConfiguration section */
		91B29A2E2AFBE5FB00B904A9 /* Debug */ = {
			isa = XCBuildConfiguration;
			buildSettings = {
				ALWAYS_SEARCH_USER_PATHS = NO;
				ASSETCATALOG_COMPILER_GENERATE_SWIFT_ASSET_SYMBOL_EXTENSIONS = YES;
				CLANG_ANALYZER_NONNULL = YES;
				CLANG_ANALYZER_NUMBER_OBJECT_CONVERSION = YES_AGGRESSIVE;
				CLANG_CXX_LANGUAGE_STANDARD = "gnu++20";
				CLANG_ENABLE_MODULES = YES;
				CLANG_ENABLE_OBJC_ARC = YES;
				CLANG_ENABLE_OBJC_WEAK = YES;
				CLANG_WARN_BLOCK_CAPTURE_AUTORELEASING = YES;
				CLANG_WARN_BOOL_CONVERSION = YES;
				CLANG_WARN_COMMA = YES;
				CLANG_WARN_CONSTANT_CONVERSION = YES;
				CLANG_WARN_DEPRECATED_OBJC_IMPLEMENTATIONS = YES;
				CLANG_WARN_DIRECT_OBJC_ISA_USAGE = YES_ERROR;
				CLANG_WARN_DOCUMENTATION_COMMENTS = YES;
				CLANG_WARN_EMPTY_BODY = YES;
				CLANG_WARN_ENUM_CONVERSION = YES;
				CLANG_WARN_INFINITE_RECURSION = YES;
				CLANG_WARN_INT_CONVERSION = YES;
				CLANG_WARN_NON_LITERAL_NULL_CONVERSION = YES;
				CLANG_WARN_OBJC_IMPLICIT_RETAIN_SELF = YES;
				CLANG_WARN_OBJC_LITERAL_CONVERSION = YES;
				CLANG_WARN_OBJC_ROOT_CLASS = YES_ERROR;
				CLANG_WARN_QUOTED_INCLUDE_IN_FRAMEWORK_HEADER = YES;
				CLANG_WARN_RANGE_LOOP_ANALYSIS = YES;
				CLANG_WARN_STRICT_PROTOTYPES = YES;
				CLANG_WARN_SUSPICIOUS_MOVE = YES;
				CLANG_WARN_UNGUARDED_AVAILABILITY = YES_AGGRESSIVE;
				CLANG_WARN_UNREACHABLE_CODE = YES;
				CLANG_WARN__DUPLICATE_METHOD_MATCH = YES;
				COPY_PHASE_STRIP = NO;
				DEBUG_INFORMATION_FORMAT = dwarf;
				ENABLE_STRICT_OBJC_MSGSEND = YES;
				ENABLE_TESTABILITY = YES;
				ENABLE_USER_SCRIPT_SANDBOXING = YES;
				GCC_C_LANGUAGE_STANDARD = gnu17;
				GCC_DYNAMIC_NO_PIC = NO;
				GCC_NO_COMMON_BLOCKS = YES;
				GCC_OPTIMIZATION_LEVEL = 0;
				GCC_PREPROCESSOR_DEFINITIONS = (
					"DEBUG=1",
					"$(inherited)",
				);
				GCC_WARN_64_TO_32_BIT_CONVERSION = YES;
				GCC_WARN_ABOUT_RETURN_TYPE = YES_ERROR;
				GCC_WARN_UNDECLARED_SELECTOR = YES;
				GCC_WARN_UNINITIALIZED_AUTOS = YES_AGGRESSIVE;
				GCC_WARN_UNUSED_FUNCTION = YES;
				GCC_WARN_UNUSED_VARIABLE = YES;
				INFOPLIST_KEY_CFBundleDisplayName = Plda;
				IPHONEOS_DEPLOYMENT_TARGET = 17.0;
				LOCALIZATION_PREFERS_STRING_CATALOGS = YES;
				MTL_ENABLE_DEBUG_INFO = INCLUDE_SOURCE;
				MTL_FAST_MATH = YES;
				ONLY_ACTIVE_ARCH = YES;
				SDKROOT = iphoneos;
				SWIFT_ACTIVE_COMPILATION_CONDITIONS = "DEBUG $(inherited)";
				SWIFT_OPTIMIZATION_LEVEL = "-Onone";
			};
			name = Debug;
		};
		91B29A2F2AFBE5FB00B904A9 /* Release */ = {
			isa = XCBuildConfiguration;
			buildSettings = {
				ALWAYS_SEARCH_USER_PATHS = NO;
				ASSETCATALOG_COMPILER_GENERATE_SWIFT_ASSET_SYMBOL_EXTENSIONS = YES;
				CLANG_ANALYZER_NONNULL = YES;
				CLANG_ANALYZER_NUMBER_OBJECT_CONVERSION = YES_AGGRESSIVE;
				CLANG_CXX_LANGUAGE_STANDARD = "gnu++20";
				CLANG_ENABLE_MODULES = YES;
				CLANG_ENABLE_OBJC_ARC = YES;
				CLANG_ENABLE_OBJC_WEAK = YES;
				CLANG_WARN_BLOCK_CAPTURE_AUTORELEASING = YES;
				CLANG_WARN_BOOL_CONVERSION = YES;
				CLANG_WARN_COMMA = YES;
				CLANG_WARN_CONSTANT_CONVERSION = YES;
				CLANG_WARN_DEPRECATED_OBJC_IMPLEMENTATIONS = YES;
				CLANG_WARN_DIRECT_OBJC_ISA_USAGE = YES_ERROR;
				CLANG_WARN_DOCUMENTATION_COMMENTS = YES;
				CLANG_WARN_EMPTY_BODY = YES;
				CLANG_WARN_ENUM_CONVERSION = YES;
				CLANG_WARN_INFINITE_RECURSION = YES;
				CLANG_WARN_INT_CONVERSION = YES;
				CLANG_WARN_NON_LITERAL_NULL_CONVERSION = YES;
				CLANG_WARN_OBJC_IMPLICIT_RETAIN_SELF = YES;
				CLANG_WARN_OBJC_LITERAL_CONVERSION = YES;
				CLANG_WARN_OBJC_ROOT_CLASS = YES_ERROR;
				CLANG_WARN_QUOTED_INCLUDE_IN_FRAMEWORK_HEADER = YES;
				CLANG_WARN_RANGE_LOOP_ANALYSIS = YES;
				CLANG_WARN_STRICT_PROTOTYPES = YES;
				CLANG_WARN_SUSPICIOUS_MOVE = YES;
				CLANG_WARN_UNGUARDED_AVAILABILITY = YES_AGGRESSIVE;
				CLANG_WARN_UNREACHABLE_CODE = YES;
				CLANG_WARN__DUPLICATE_METHOD_MATCH = YES;
				COPY_PHASE_STRIP = NO;
				DEBUG_INFORMATION_FORMAT = "dwarf-with-dsym";
				ENABLE_NS_ASSERTIONS = NO;
				ENABLE_STRICT_OBJC_MSGSEND = YES;
				ENABLE_USER_SCRIPT_SANDBOXING = YES;
				GCC_C_LANGUAGE_STANDARD = gnu17;
				GCC_NO_COMMON_BLOCKS = YES;
				GCC_WARN_64_TO_32_BIT_CONVERSION = YES;
				GCC_WARN_ABOUT_RETURN_TYPE = YES_ERROR;
				GCC_WARN_UNDECLARED_SELECTOR = YES;
				GCC_WARN_UNINITIALIZED_AUTOS = YES_AGGRESSIVE;
				GCC_WARN_UNUSED_FUNCTION = YES;
				GCC_WARN_UNUSED_VARIABLE = YES;
				INFOPLIST_KEY_CFBundleDisplayName = Plda;
				IPHONEOS_DEPLOYMENT_TARGET = 17.0;
				LOCALIZATION_PREFERS_STRING_CATALOGS = YES;
				MTL_ENABLE_DEBUG_INFO = NO;
				MTL_FAST_MATH = YES;
				SDKROOT = iphoneos;
				SWIFT_COMPILATION_MODE = wholemodule;
				VALIDATE_PRODUCT = YES;
			};
			name = Release;
		};
		91B29A312AFBE5FB00B904A9 /* Debug */ = {
			isa = XCBuildConfiguration;
			buildSettings = {
				ASSETCATALOG_COMPILER_APPICON_NAME = AppIcon;
				ASSETCATALOG_COMPILER_GLOBAL_ACCENT_COLOR_NAME = AccentColor;
				CODE_SIGN_STYLE = Automatic;
				CURRENT_PROJECT_VERSION = 1;
				DEVELOPMENT_ASSET_PATHS = "\"plda mini/Preview Content\"";
				DEVELOPMENT_TEAM = 9ZUDU3P6YG;
				ENABLE_PREVIEWS = YES;
				GENERATE_INFOPLIST_FILE = YES;
				INFOPLIST_FILE = "Plda-mini-Info.plist";
				INFOPLIST_KEY_UIApplicationSceneManifest_Generation = YES;
				INFOPLIST_KEY_UIApplicationSupportsIndirectInputEvents = YES;
				INFOPLIST_KEY_UILaunchScreen_Generation = YES;
				INFOPLIST_KEY_UISupportedInterfaceOrientations_iPad = "UIInterfaceOrientationPortrait UIInterfaceOrientationPortraitUpsideDown UIInterfaceOrientationLandscapeLeft UIInterfaceOrientationLandscapeRight";
				INFOPLIST_KEY_UISupportedInterfaceOrientations_iPhone = "UIInterfaceOrientationPortrait UIInterfaceOrientationLandscapeLeft UIInterfaceOrientationLandscapeRight";
				LD_RUNPATH_SEARCH_PATHS = (
					"$(inherited)",
					"@executable_path/Frameworks",
				);
				MARKETING_VERSION = 1.0;
				PRODUCT_BUNDLE_IDENTIFIER = "bean.plda-mini";
				PRODUCT_NAME = "$(TARGET_NAME)";
				SWIFT_EMIT_LOC_STRINGS = YES;
				SWIFT_VERSION = 5.0;
				TARGETED_DEVICE_FAMILY = "1,2";
			};
			name = Debug;
		};
		91B29A322AFBE5FB00B904A9 /* Release */ = {
			isa = XCBuildConfiguration;
			buildSettings = {
				ASSETCATALOG_COMPILER_APPICON_NAME = AppIcon;
				ASSETCATALOG_COMPILER_GLOBAL_ACCENT_COLOR_NAME = AccentColor;
				CODE_SIGN_STYLE = Automatic;
				CURRENT_PROJECT_VERSION = 1;
				DEVELOPMENT_ASSET_PATHS = "\"plda mini/Preview Content\"";
				DEVELOPMENT_TEAM = 9ZUDU3P6YG;
				ENABLE_PREVIEWS = YES;
				GENERATE_INFOPLIST_FILE = YES;
				INFOPLIST_FILE = "Plda-mini-Info.plist";
				INFOPLIST_KEY_UIApplicationSceneManifest_Generation = YES;
				INFOPLIST_KEY_UIApplicationSupportsIndirectInputEvents = YES;
				INFOPLIST_KEY_UILaunchScreen_Generation = YES;
				INFOPLIST_KEY_UISupportedInterfaceOrientations_iPad = "UIInterfaceOrientationPortrait UIInterfaceOrientationPortraitUpsideDown UIInterfaceOrientationLandscapeLeft UIInterfaceOrientationLandscapeRight";
				INFOPLIST_KEY_UISupportedInterfaceOrientations_iPhone = "UIInterfaceOrientationPortrait UIInterfaceOrientationLandscapeLeft UIInterfaceOrientationLandscapeRight";
				LD_RUNPATH_SEARCH_PATHS = (
					"$(inherited)",
					"@executable_path/Frameworks",
				);
				MARKETING_VERSION = 1.0;
				PRODUCT_BUNDLE_IDENTIFIER = "bean.plda-mini";
				PRODUCT_NAME = "$(TARGET_NAME)";
				SWIFT_EMIT_LOC_STRINGS = YES;
				SWIFT_VERSION = 5.0;
				TARGETED_DEVICE_FAMILY = "1,2";
			};
			name = Release;
		};
		91B29A342AFBE5FB00B904A9 /* Debug */ = {
			isa = XCBuildConfiguration;
			buildSettings = {
				ALWAYS_EMBED_SWIFT_STANDARD_LIBRARIES = YES;
				BUNDLE_LOADER = "$(TEST_HOST)";
				CODE_SIGN_STYLE = Automatic;
				CURRENT_PROJECT_VERSION = 1;
				GENERATE_INFOPLIST_FILE = YES;
				IPHONEOS_DEPLOYMENT_TARGET = 17.0;
				MARKETING_VERSION = 1.0;
				PRODUCT_BUNDLE_IDENTIFIER = "bean.plda-miniTests";
				PRODUCT_NAME = "$(TARGET_NAME)";
				SWIFT_EMIT_LOC_STRINGS = NO;
				SWIFT_VERSION = 5.0;
				TARGETED_DEVICE_FAMILY = "1,2";
				TEST_HOST = "$(BUILT_PRODUCTS_DIR)/Plda mini.app/$(BUNDLE_EXECUTABLE_FOLDER_PATH)/Plda mini";
			};
			name = Debug;
		};
		91B29A352AFBE5FB00B904A9 /* Release */ = {
			isa = XCBuildConfiguration;
			buildSettings = {
				ALWAYS_EMBED_SWIFT_STANDARD_LIBRARIES = YES;
				BUNDLE_LOADER = "$(TEST_HOST)";
				CODE_SIGN_STYLE = Automatic;
				CURRENT_PROJECT_VERSION = 1;
				GENERATE_INFOPLIST_FILE = YES;
				IPHONEOS_DEPLOYMENT_TARGET = 17.0;
				MARKETING_VERSION = 1.0;
				PRODUCT_BUNDLE_IDENTIFIER = "bean.plda-miniTests";
				PRODUCT_NAME = "$(TARGET_NAME)";
				SWIFT_EMIT_LOC_STRINGS = NO;
				SWIFT_VERSION = 5.0;
				TARGETED_DEVICE_FAMILY = "1,2";
				TEST_HOST = "$(BUILT_PRODUCTS_DIR)/Plda mini.app/$(BUNDLE_EXECUTABLE_FOLDER_PATH)/Plda mini";
			};
			name = Release;
		};
		91B29A372AFBE5FB00B904A9 /* Debug */ = {
			isa = XCBuildConfiguration;
			buildSettings = {
				ALWAYS_EMBED_SWIFT_STANDARD_LIBRARIES = YES;
				CODE_SIGN_STYLE = Automatic;
				CURRENT_PROJECT_VERSION = 1;
				GENERATE_INFOPLIST_FILE = YES;
				MARKETING_VERSION = 1.0;
				PRODUCT_BUNDLE_IDENTIFIER = "bean.plda-miniUITests";
				PRODUCT_NAME = "$(TARGET_NAME)";
				SWIFT_EMIT_LOC_STRINGS = NO;
				SWIFT_VERSION = 5.0;
				TARGETED_DEVICE_FAMILY = "1,2";
				TEST_TARGET_NAME = "plda mini";
			};
			name = Debug;
		};
		91B29A382AFBE5FB00B904A9 /* Release */ = {
			isa = XCBuildConfiguration;
			buildSettings = {
				ALWAYS_EMBED_SWIFT_STANDARD_LIBRARIES = YES;
				CODE_SIGN_STYLE = Automatic;
				CURRENT_PROJECT_VERSION = 1;
				GENERATE_INFOPLIST_FILE = YES;
				MARKETING_VERSION = 1.0;
				PRODUCT_BUNDLE_IDENTIFIER = "bean.plda-miniUITests";
				PRODUCT_NAME = "$(TARGET_NAME)";
				SWIFT_EMIT_LOC_STRINGS = NO;
				SWIFT_VERSION = 5.0;
				TARGETED_DEVICE_FAMILY = "1,2";
				TEST_TARGET_NAME = "plda mini";
			};
			name = Release;
		};
/* End XCBuildConfiguration section */

/* Begin XCConfigurationList section */
		91B29A072AFBE5F800B904A9 /* Build configuration list for PBXProject "Plda" */ = {
			isa = XCConfigurationList;
			buildConfigurations = (
				91B29A2E2AFBE5FB00B904A9 /* Debug */,
				91B29A2F2AFBE5FB00B904A9 /* Release */,
			);
			defaultConfigurationIsVisible = 0;
			defaultConfigurationName = Release;
		};
		91B29A302AFBE5FB00B904A9 /* Build configuration list for PBXNativeTarget "Plda mini" */ = {
			isa = XCConfigurationList;
			buildConfigurations = (
				91B29A312AFBE5FB00B904A9 /* Debug */,
				91B29A322AFBE5FB00B904A9 /* Release */,
			);
			defaultConfigurationIsVisible = 0;
			defaultConfigurationName = Release;
		};
		91B29A332AFBE5FB00B904A9 /* Build configuration list for PBXNativeTarget "Plda miniTests" */ = {
			isa = XCConfigurationList;
			buildConfigurations = (
				91B29A342AFBE5FB00B904A9 /* Debug */,
				91B29A352AFBE5FB00B904A9 /* Release */,
			);
			defaultConfigurationIsVisible = 0;
			defaultConfigurationName = Release;
		};
		91B29A362AFBE5FB00B904A9 /* Build configuration list for PBXNativeTarget "Plda miniUITests" */ = {
			isa = XCConfigurationList;
			buildConfigurations = (
				91B29A372AFBE5FB00B904A9 /* Debug */,
				91B29A382AFBE5FB00B904A9 /* Release */,
			);
			defaultConfigurationIsVisible = 0;
			defaultConfigurationName = Release;
		};
/* End XCConfigurationList section */
	};
	rootObject = 91B29A042AFBE5F800B904A9 /* Project object */;
}
